
Microsoft Visual Studio Solution File, Format Version 12.00
# Visual Studio 15
VisualStudioVersion = 15.0.28307.572
MinimumVisualStudioVersion = 10.0.40219.1
Project("{FAE04EC0-301F-11D3-BF4B-00C04F79EFBC}") = "Milestone3", "Milestone3\Milestone3.csproj", "{C33178F0-FE73-4209-B942-2C6A818ACBFC}"
EndProject
Project("{FAE04EC0-301F-11D3-BF4B-00C04F79EFBC}") = "Milestone3Tests", "Milestone3Tests\Milestone3Tests.csproj", "{797768D8-9A6D-45F0-BAD0-EBBC1E70C8E8}"
EndProject
Global
	GlobalSection(SolutionConfigurationPlatforms) = preSolution
		Debug|Any CPU = Debug|Any CPU
		Release|Any CPU = Release|Any CPU
	EndGlobalSection
	GlobalSection(ProjectConfigurationPlatforms) = postSolution
		{C33178F0-FE73-4209-B942-2C6A818ACBFC}.Debug|Any CPU.ActiveCfg = Debug|Any CPU
		{C33178F0-FE73-4209-B942-2C6A818ACBFC}.Debug|Any CPU.Build.0 = Debug|Any CPU
		{C33178F0-FE73-4209-B942-2C6A818ACBFC}.Release|Any CPU.ActiveCfg = Release|Any CPU
		{C33178F0-FE73-4209-B942-2C6A818ACBFC}.Release|Any CPU.Build.0 = Release|Any CPU
		{797768D8-9A6D-45F0-BAD0-EBBC1E70C8E8}.Debug|Any CPU.ActiveCfg = Debug|Any CPU
		{797768D8-9A6D-45F0-BAD0-EBBC1E70C8E8}.Debug|Any CPU.Build.0 = Debug|Any CPU
		{797768D8-9A6D-45F0-BAD0-EBBC1E70C8E8}.Release|Any CPU.ActiveCfg = Release|Any CPU
		{797768D8-9A6D-45F0-BAD0-EBBC1E70C8E8}.Release|Any CPU.Build.0 = Release|Any CPU
	EndGlobalSection
	GlobalSection(SolutionProperties) = preSolution
		HideSolutionNode = FALSE
	EndGlobalSection
	GlobalSection(ExtensibilityGlobals) = postSolution
		SolutionGuid = {FB9B91EF-4AFF-44B1-8136-190172B290BE}
	EndGlobalSection
EndGlobal
